
Microsoft Visual Studio Solution File, Format Version 12.00
# Visual Studio Version 16
VisualStudioVersion = 16.0.30523.141
MinimumVisualStudioVersion = 10.0.40219.1
Project("{FAE04EC0-301F-11D3-BF4B-00C04F79EFBC}") = "AirlineSeatReservation.Android", "AirlineSeatReservation\AirlineSeatReservation.Android\AirlineSeatReservation.Android.csproj", "{D6B11BB9-8D2E-42DA-B139-6A3CB3D480A3}"
EndProject
Project("{FAE04EC0-301F-11D3-BF4B-00C04F79EFBC}") = "AirlineSeatReservation.iOS", "AirlineSeatReservation\AirlineSeatReservation.iOS\AirlineSeatReservation.iOS.csproj", "{6CBD9538-EB64-45A3-B6C9-36D6D156D5DE}"
EndProject
Project("{FAE04EC0-301F-11D3-BF4B-00C04F79EFBC}") = "AirlineSeatReservation", "AirlineSeatReservation\AirlineSeatReservation\AirlineSeatReservation.csproj", "{CDF13498-6581-4CA9-803A-364E23E47301}"
EndProject
Global
	GlobalSection(SolutionConfigurationPlatforms) = preSolution
		Debug|Any CPU = Debug|Any CPU
		Debug|iPhone = Debug|iPhone
		Debug|iPhoneSimulator = Debug|iPhoneSimulator
		Release|Any CPU = Release|Any CPU
		Release|iPhone = Release|iPhone
		Release|iPhoneSimulator = Release|iPhoneSimulator
	EndGlobalSection
	GlobalSection(ProjectConfigurationPlatforms) = postSolution
		{D6B11BB9-8D2E-42DA-B139-6A3CB3D480A3}.Debug|Any CPU.ActiveCfg = Debug|Any CPU
		{D6B11BB9-8D2E-42DA-B139-6A3CB3D480A3}.Debug|Any CPU.Build.0 = Debug|Any CPU
		{D6B11BB9-8D2E-42DA-B139-6A3CB3D480A3}.Debug|Any CPU.Deploy.0 = Debug|Any CPU
		{D6B11BB9-8D2E-42DA-B139-6A3CB3D480A3}.Debug|iPhone.ActiveCfg = Debug|Any CPU
		{D6B11BB9-8D2E-42DA-B139-6A3CB3D480A3}.Debug|iPhone.Build.0 = Debug|Any CPU
		{D6B11BB9-8D2E-42DA-B139-6A3CB3D480A3}.Debug|iPhone.Deploy.0 = Debug|Any CPU
		{D6B11BB9-8D2E-42DA-B139-6A3CB3D480A3}.Debug|iPhoneSimulator.ActiveCfg = Debug|Any CPU
		{D6B11BB9-8D2E-42DA-B139-6A3CB3D480A3}.Debug|iPhoneSimulator.Build.0 = Debug|Any CPU
		{D6B11BB9-8D2E-42DA-B139-6A3CB3D480A3}.Debug|iPhoneSimulator.Deploy.0 = Debug|Any CPU
		{D6B11BB9-8D2E-42DA-B139-6A3CB3D480A3}.Release|Any CPU.ActiveCfg = Release|Any CPU
		{D6B11BB9-8D2E-42DA-B139-6A3CB3D480A3}.Release|Any CPU.Build.0 = Release|Any CPU
		{D6B11BB9-8D2E-42DA-B139-6A3CB3D480A3}.Release|Any CPU.Deploy.0 = Release|Any CPU
		{D6B11BB9-8D2E-42DA-B139-6A3CB3D480A3}.Release|iPhone.ActiveCfg = Release|Any CPU
		{D6B11BB9-8D2E-42DA-B139-6A3CB3D480A3}.Release|iPhone.Build.0 = Release|Any CPU
		{D6B11BB9-8D2E-42DA-B139-6A3CB3D480A3}.Release|iPhone.Deploy.0 = Release|Any CPU
		{D6B11BB9-8D2E-42DA-B139-6A3CB3D480A3}.Release|iPhoneSimulator.ActiveCfg = Release|Any CPU
		{D6B11BB9-8D2E-42DA-B139-6A3CB3D480A3}.Release|iPhoneSimulator.Build.0 = Release|Any CPU
		{D6B11BB9-8D2E-42DA-B139-6A3CB3D480A3}.Release|iPhoneSimulator.Deploy.0 = Release|Any CPU
		{6CBD9538-EB64-45A3-B6C9-36D6D156D5DE}.Debug|Any CPU.ActiveCfg = Debug|iPhone
		{6CBD9538-EB64-45A3-B6C9-36D6D156D5DE}.Debug|Any CPU.Build.0 = Debug|iPhone
		{6CBD9538-EB64-45A3-B6C9-36D6D156D5DE}.Debug|Any CPU.Deploy.0 = Debug|iPhone
		{6CBD9538-EB64-45A3-B6C9-36D6D156D5DE}.Debug|iPhone.ActiveCfg = Debug|iPhone
		{6CBD9538-EB64-45A3-B6C9-36D6D156D5DE}.Debug|iPhone.Build.0 = Debug|iPhone
		{6CBD9538-EB64-45A3-B6C9-36D6D156D5DE}.Debug|iPhone.Deploy.0 = Debug|iPhone
		{6CBD9538-EB64-45A3-B6C9-36D6D156D5DE}.Debug|iPhoneSimulator.ActiveCfg = Debug|iPhoneSimulator
		{6CBD9538-EB64-45A3-B6C9-36D6D156D5DE}.Debug|iPhoneSimulator.Build.0 = Debug|iPhoneSimulator
		{6CBD9538-EB64-45A3-B6C9-36D6D156D5DE}.Debug|iPhoneSimulator.Deploy.0 = Debug|iPhoneSimulator
		{6CBD9538-EB64-45A3-B6C9-36D6D156D5DE}.Release|Any CPU.ActiveCfg = Release|iPhoneSimulator
		{6CBD9538-EB64-45A3-B6C9-36D6D156D5DE}.Release|Any CPU.Build.0 = Release|iPhoneSimulator
		{6CBD9538-EB64-45A3-B6C9-36D6D156D5DE}.Release|Any CPU.Deploy.0 = Release|iPhoneSimulator
		{6CBD9538-EB64-45A3-B6C9-36D6D156D5DE}.Release|iPhone.ActiveCfg = Release|iPhone
		{6CBD9538-EB64-45A3-B6C9-36D6D156D5DE}.Release|iPhone.Build.0 = Release|iPhone
		{6CBD9538-EB64-45A3-B6C9-36D6D156D5DE}.Release|iPhone.Deploy.0 = Release|iPhone
		{6CBD9538-EB64-45A3-B6C9-36D6D156D5DE}.Release|iPhoneSimulator.ActiveCfg = Release|iPhoneSimulator
		{6CBD9538-EB64-45A3-B6C9-36D6D156D5DE}.Release|iPhoneSimulator.Build.0 = Release|iPhoneSimulator
		{6CBD9538-EB64-45A3-B6C9-36D6D156D5DE}.Release|iPhoneSimulator.Deploy.0 = Release|iPhoneSimulator
		{CDF13498-6581-4CA9-803A-364E23E47301}.Debug|Any CPU.ActiveCfg = Debug|Any CPU
		{CDF13498-6581-4CA9-803A-364E23E47301}.Debug|Any CPU.Build.0 = Debug|Any CPU
		{CDF13498-6581-4CA9-803A-364E23E47301}.Debug|Any CPU.Deploy.0 = Debug|Any CPU
		{CDF13498-6581-4CA9-803A-364E23E47301}.Debug|iPhone.ActiveCfg = Debug|Any CPU
		{CDF13498-6581-4CA9-803A-364E23E47301}.Debug|iPhone.Build.0 = Debug|Any CPU
		{CDF13498-6581-4CA9-803A-364E23E47301}.Debug|iPhone.Deploy.0 = Debug|Any CPU
		{CDF13498-6581-4CA9-803A-364E23E47301}.Debug|iPhoneSimulator.ActiveCfg = Debug|Any CPU
		{CDF13498-6581-4CA9-803A-364E23E47301}.Debug|iPhoneSimulator.Build.0 = Debug|Any CPU
		{CDF13498-6581-4CA9-803A-364E23E47301}.Debug|iPhoneSimulator.Deploy.0 = Debug|Any CPU
		{CDF13498-6581-4CA9-803A-364E23E47301}.Release|Any CPU.ActiveCfg = Release|Any CPU
		{CDF13498-6581-4CA9-803A-364E23E47301}.Release|Any CPU.Build.0 = Release|Any CPU
		{CDF13498-6581-4CA9-803A-364E23E47301}.Release|Any CPU.Deploy.0 = Release|Any CPU
		{CDF13498-6581-4CA9-803A-364E23E47301}.Release|iPhone.ActiveCfg = Release|Any CPU
		{CDF13498-6581-4CA9-803A-364E23E47301}.Release|iPhone.Build.0 = Release|Any CPU
		{CDF13498-6581-4CA9-803A-364E23E47301}.Release|iPhone.Deploy.0 = Release|Any CPU
		{CDF13498-6581-4CA9-803A-364E23E47301}.Release|iPhoneSimulator.ActiveCfg = Release|Any CPU
		{CDF13498-6581-4CA9-803A-364E23E47301}.Release|iPhoneSimulator.Build.0 = Release|Any CPU
		{CDF13498-6581-4CA9-803A-364E23E47301}.Release|iPhoneSimulator.Deploy.0 = Release|Any CPU
	EndGlobalSection
	GlobalSection(SolutionProperties) = preSolution
		HideSolutionNode = FALSE
	EndGlobalSection
	GlobalSection(ExtensibilityGlobals) = postSolution
		SolutionGuid = {01A76389-1D24-4D23-88AC-4EDD34B1550E}
	EndGlobalSection
EndGlobal
